Microsoft Visual Studio Solution File, Format Version 12.00
# Visual Studio 2012
Project("{FAE04EC0-301F-11D3-BF4B-00C04F79EFBC}") = "ProjectA", "ProjectA.csproj", "{B53AD7EB-8ECA-4C67-9BB5-3E74E6F3DF9F}"
EndProject
Global
	GlobalSection(SolutionConfigurationPlatforms) = preSolution
	Debug|Any CPU = Debug|Any CPU
	ExportDebug|Any CPU = ExportDebug|Any CPU
	ExportRelease|Any CPU = ExportRelease|Any CPU
	EndGlobalSection
	GlobalSection(ProjectConfigurationPlatforms) = postSolution
		{B53AD7EB-8ECA-4C67-9BB5-3E74E6F3DF9F}.Debug|Any CPU.ActiveCfg = Debug|Any CPU
		{B53AD7EB-8ECA-4C67-9BB5-3E74E6F3DF9F}.Debug|Any CPU.Build.0 = Debug|Any CPU
		{B53AD7EB-8ECA-4C67-9BB5-3E74E6F3DF9F}.ExportDebug|Any CPU.ActiveCfg = ExportDebug|Any CPU
		{B53AD7EB-8ECA-4C67-9BB5-3E74E6F3DF9F}.ExportDebug|Any CPU.Build.0 = ExportDebug|Any CPU
		{B53AD7EB-8ECA-4C67-9BB5-3E74E6F3DF9F}.ExportRelease|Any CPU.ActiveCfg = ExportRelease|Any CPU
		{B53AD7EB-8ECA-4C67-9BB5-3E74E6F3DF9F}.ExportRelease|Any CPU.Build.0 = ExportRelease|Any CPU
	EndGlobalSection
EndGlobal
